
Microsoft Visual Studio Solution File, Format Version 12.00
# Visual Studio Version 16
VisualStudioVersion = 16.0.29411.108
MinimumVisualStudioVersion = 10.0.40219.1
Project("{FAE04EC0-301F-11D3-BF4B-00C04F79EFBC}") = "calculator", "calculator\calculator.csproj", "{9F5F42BD-3D6F-4C7F-9333-54873BABF02D}"
EndProject
Global
	GlobalSection(SolutionConfigurationPlatforms) = preSolution
		Debug|Any CPU = Debug|Any CPU
		Release|Any CPU = Release|Any CPU
	EndGlobalSection
	GlobalSection(ProjectConfigurationPlatforms) = postSolution
		{9F5F42BD-3D6F-4C7F-9333-54873BABF02D}.Debug|Any CPU.ActiveCfg = Debug|Any CPU
		{9F5F42BD-3D6F-4C7F-9333-54873BABF02D}.Debug|Any CPU.Build.0 = Debug|Any CPU
		{9F5F42BD-3D6F-4C7F-9333-54873BABF02D}.Release|Any CPU.ActiveCfg = Release|Any CPU
		{9F5F42BD-3D6F-4C7F-9333-54873BABF02D}.Release|Any CPU.Build.0 = Release|Any CPU
	EndGlobalSection
	GlobalSection(SolutionProperties) = preSolution
		HideSolutionNode = FALSE
	EndGlobalSection
	GlobalSection(ExtensibilityGlobals) = postSolution
		SolutionGuid = {211022AA-5C57-4570-946B-2BC687726E4F}
	EndGlobalSection
EndGlobal
